// !$*UTF8*$!
{
	archiveVersion = 1;
	classes = {
	};
	objectVersion = 50;
	objects = {

/* Begin PBXBuildFile section */
		A4E22D1E21FB732C00BA7874 /* AppDelegate.swift in Sources */ = {isa = PBXBuildFile; fileRef = A4E22D1D21FB732C00BA7874 /* AppDelegate.swift */; };
		A4E22D2021FB732C00BA7874 /* ViewController.swift in Sources */ = {isa = PBXBuildFile; fileRef = A4E22D1F21FB732C00BA7874 /* ViewController.swift */; };
		A4E22D2321FB732C00BA7874 /* Main.storyboard in Resources */ = {isa = PBXBuildFile; fileRef = A4E22D2121FB732C00BA7874 /* Main.storyboard */; };
		A4E22D2521FB732D00BA7874 /* Assets.xcassets in Resources */ = {isa = PBXBuildFile; fileRef = A4E22D2421FB732D00BA7874 /* Assets.xcassets */; };
		A4E22D2821FB732D00BA7874 /* LaunchScreen.storyboard in Resources */ = {isa = PBXBuildFile; fileRef = A4E22D2621FB732D00BA7874 /* LaunchScreen.storyboard */; };
		A4E22D3321FB732E00BA7874 /* heyTests.swift in Sources */ = {isa = PBXBuildFile; fileRef = A4E22D3221FB732E00BA7874 /* heyTests.swift */; };
/* End PBXBuildFile section */

/* Begin PBXContainerItemProxy section */
		A4E22D2F21FB732E00BA7874 /* PBXContainerItemProxy */ = {
			isa = PBXContainerItemProxy;
			containerPortal = A4E22D1221FB732C00BA7874 /* Project object */;
			proxyType = 1;
			remoteGlobalIDString = A4E22D1921FB732C00BA7874;
			remoteInfo = hey;
		};
/* End PBXContainerItemProxy section */

/* Begin PBXFileReference section */
		A4E22D1A21FB732C00BA7874 /* hey.app */ = {isa = PBXFileReference; explicitFileType = wrapper.application; includeInIndex = 0; path = hey.app; sourceTree = BUILT_PRODUCTS_DIR; };
		A4E22D1D21FB732C00BA7874 /* AppDelegate.swift */ = {isa = PBXFileReference; lastKnownFileType = sourcecode.swift; path = AppDelegate.swift; sourceTree = "<group>"; };
		A4E22D1F21FB732C00BA7874 /* ViewController.swift */ = {isa = PBXFileReference; lastKnownFileType = sourcecode.swift; path = ViewController.swift; sourceTree = "<group>"; };
		A4E22D2221FB732C00BA7874 /* Base */ = {isa = PBXFileReference; lastKnownFileType = file.storyboard; name = Base; path = Base.lproj/Main.storyboard; sourceTree = "<group>"; };
		A4E22D2421FB732D00BA7874 /* Assets.xcassets */ = {isa = PBXFileReference; lastKnownFileType = folder.assetcatalog; path = Assets.xcassets; sourceTree = "<group>"; };
		A4E22D2721FB732D00BA7874 /* Base */ = {isa = PBXFileReference; lastKnownFileType = file.storyboard; name = Base; path = Base.lproj/LaunchScreen.storyboard; sourceTree = "<group>"; };
		A4E22D2921FB732D00BA7874 /* Info.plist */ = {isa = PBXFileReference; lastKnownFileType = text.plist.xml; path = Info.plist; sourceTree = "<group>"; };
		A4E22D2E21FB732E00BA7874 /* heyTests.xctest */ = {isa = PBXFileReference; explicitFileType = wrapper.cfbundle; includeInIndex = 0; path = heyTests.xctest; sourceTree = BUILT_PRODUCTS_DIR; };
		A4E22D3221FB732E00BA7874 /* heyTests.swift */ = {isa = PBXFileReference; lastKnownFileType = sourcecode.swift; path = heyTests.swift; sourceTree = "<group>"; };
		A4E22D3421FB732E00BA7874 /* Info.plist */ = {isa = PBXFileReference; lastKnownFileType = text.plist.xml; path = Info.plist; sourceTree = "<group>"; };
/* End PBXFileReference section */

/* Begin PBXFrameworksBuildPhase section */
		A4E22D1721FB732C00BA7874 /* Frameworks */ = {
			isa = PBXFrameworksBuildPhase;
			buildActionMask = 2147483647;
			files = (
			);
			runOnlyForDeploymentPostprocessing = 0;
		};
		A4E22D2B21FB732E00BA7874 /* Frameworks */ = {
			isa = PBXFrameworksBuildPhase;
			buildActionMask = 2147483647;
			files = (
			);
			runOnlyForDeploymentPostprocessing = 0;
		};
/* End PBXFrameworksBuildPhase section */

/* Begin PBXGroup section */
		A4E22D1121FB732C00BA7874 = {
			isa = PBXGroup;
			children = (
				A4E22D1C21FB732C00BA7874 /* hey */,
				A4E22D3121FB732E00BA7874 /* heyTests */,
				A4E22D1B21FB732C00BA7874 /* Products */,
			);
			sourceTree = "<group>";
		};
		A4E22D1B21FB732C00BA7874 /* Products */ = {
			isa = PBXGroup;
			children = (
				A4E22D1A21FB732C00BA7874 /* hey.app */,
				A4E22D2E21FB732E00BA7874 /* heyTests.xctest */,
			);
			name = Products;
			sourceTree = "<group>";
		};
		A4E22D1C21FB732C00BA7874 /* hey */ = {
			isa = PBXGroup;
			children = (
				A4E22D1D21FB732C00BA7874 /* AppDelegate.swift */,
				A4E22D1F21FB732C00BA7874 /* ViewController.swift */,
				A4E22D2121FB732C00BA7874 /* Main.storyboard */,
				A4E22D2421FB732D00BA7874 /* Assets.xcassets */,
				A4E22D2621FB732D00BA7874 /* LaunchScreen.storyboard */,
				A4E22D2921FB732D00BA7874 /* Info.plist */,
			);
			path = hey;
			sourceTree = "<group>";
		};
		A4E22D3121FB732E00BA7874 /* heyTests */ = {
			isa = PBXGroup;
			children = (
				A4E22D3221FB732E00BA7874 /* heyTests.swift */,
				A4E22D3421FB732E00BA7874 /* Info.plist */,
			);
			path = heyTests;
			sourceTree = "<group>";
		};
/* End PBXGroup section */

/* Begin PBXNativeTarget section */
		A4E22D1921FB732C00BA7874 /* hey */ = {
			isa = PBXNativeTarget;
			buildConfigurationList = A4E22D3721FB732E00BA7874 /* Build configuration list for PBXNativeTarget "hey" */;
			buildPhases = (
				A4E22D1621FB732C00BA7874 /* Sources */,
				A4E22D1721FB732C00BA7874 /* Frameworks */,
				A4E22D1821FB732C00BA7874 /* Resources */,
			);
			buildRules = (
			);
			dependencies = (
			);
			name = hey;
			productName = hey;
			productReference = A4E22D1A21FB732C00BA7874 /* hey.app */;
			productType = "com.apple.product-type.application";
		};
		A4E22D2D21FB732E00BA7874 /* heyTests */ = {
			isa = PBXNativeTarget;
			buildConfigurationList = A4E22D3A21FB732E00BA7874 /* Build configuration list for PBXNativeTarget "heyTests" */;
			buildPhases = (
				A4E22D2A21FB732E00BA7874 /* Sources */,
				A4E22D2B21FB732E00BA7874 /* Frameworks */,
				A4E22D2C21FB732E00BA7874 /* Resources */,
			);
			buildRules = (
			);
			dependencies = (
				A4E22D3021FB732E00BA7874 /* PBXTargetDependency */,
			);
			name = heyTests;
			productName = heyTests;
			productReference = A4E22D2E21FB732E00BA7874 /* heyTests.xctest */;
			productType = "com.apple.product-type.bundle.unit-test";
		};
/* End PBXNativeTarget section */

/* Begin PBXProject section */
		A4E22D1221FB732C00BA7874 /* Project object */ = {
			isa = PBXProject;
			attributes = {
				LastSwiftUpdateCheck = 1010;
				LastUpgradeCheck = 1010;
				ORGANIZATIONNAME = "Zi Yang";
				TargetAttributes = {
					A4E22D1921FB732C00BA7874 = {
						CreatedOnToolsVersion = 10.1;
					};
					A4E22D2D21FB732E00BA7874 = {
						CreatedOnToolsVersion = 10.1;
						TestTargetID = A4E22D1921FB732C00BA7874;
					};
				};
			};
			buildConfigurationList = A4E22D1521FB732C00BA7874 /* Build configuration list for PBXProject "hey" */;
			compatibilityVersion = "Xcode 9.3";
			developmentRegion = en;
			hasScannedForEncodings = 0;
			knownRegions = (
				en,
				Base,
			);
			mainGroup = A4E22D1121FB732C00BA7874;
			productRefGroup = A4E22D1B21FB732C00BA7874 /* Products */;
			projectDirPath = "";
			projectRoot = "";
			targets = (
				A4E22D1921FB732C00BA7874 /* hey */,
				A4E22D2D21FB732E00BA7874 /* heyTests */,
			);
		};
/* End PBXProject section */

/* Begin PBXResourcesBuildPhase section */
		A4E22D1821FB732C00BA7874 /* Resources */ = {
			isa = PBXResourcesBuildPhase;
			buildActionMask = 2147483647;
			files = (
				A4E22D2821FB732D00BA7874 /* LaunchScreen.storyboard in Resources */,
				A4E22D2521FB732D00BA7874 /* Assets.xcassets in Resources */,
				A4E22D2321FB732C00BA7874 /* Main.storyboard in Resources */,
			);
			runOnlyForDeploymentPostprocessing = 0;
		};
		A4E22D2C21FB732E00BA7874 /* Resources */ = {
			isa = PBXResourcesBuildPhase;
			buildActionMask = 2147483647;
			files = (
			);
			runOnlyForDeploymentPostprocessing = 0;
		};
/* End PBXResourcesBuildPhase section */

/* Begin PBXSourcesBuildPhase section */
		A4E22D1621FB732C00BA7874 /* Sources */ = {
			isa = PBXSourcesBuildPhase;
			buildActionMask = 2147483647;
			files = (
				A4E22D2021FB732C00BA7874 /* ViewController.swift in Sources */,
				A4E22D1E21FB732C00BA7874 /* AppDelegate.swift in Sources */,
			);
			runOnlyForDeploymentPostprocessing = 0;
		};
		A4E22D2A21FB732E00BA7874 /* Sources */ = {
			isa = PBXSourcesBuildPhase;
			buildActionMask = 2147483647;
			files = (
				A4E22D3321FB732E00BA7874 /* heyTests.swift in Sources */,
			);
			runOnlyForDeploymentPostprocessing = 0;
		};
/* End PBXSourcesBuildPhase section */

/* Begin PBXTargetDependency section */
		A4E22D3021FB732E00BA7874 /* PBXTargetDependency */ = {
			isa = PBXTargetDependency;
			target = A4E22D1921FB732C00BA7874 /* hey */;
			targetProxy = A4E22D2F21FB732E00BA7874 /* PBXContainerItemProxy */;
		};
/* End PBXTargetDependency section */

/* Begin PBXVariantGroup section */
		A4E22D2121FB732C00BA7874 /* Main.storyboard */ = {
			isa = PBXVariantGroup;
			children = (
				A4E22D2221FB732C00BA7874 /* Base */,
			);
			name = Main.storyboard;
			sourceTree = "<group>";
		};
		A4E22D2621FB732D00BA7874 /* LaunchScreen.storyboard */ = {
			isa = PBXVariantGroup;
			children = (
				A4E22D2721FB732D00BA7874 /* Base */,
			);
			name = LaunchScreen.storyboard;
			sourceTree = "<group>";
		};
/* End PBXVariantGroup section */

/* Begin XCBuildConfiguration section */
		A4E22D3521FB732E00BA7874 /* Debug */ = {
			isa = XCBuildConfiguration;
			buildSettings = {
				ALWAYS_SEARCH_USER_PATHS = NO;
				CLANG_ANALYZER_NONNULL = YES;
				CLANG_ANALYZER_NUMBER_OBJECT_CONVERSION = YES_AGGRESSIVE;
				CLANG_CXX_LANGUAGE_STANDARD = "gnu++14";
				CLANG_CXX_LIBRARY = "libc++";
				CLANG_ENABLE_MODULES = YES;
				CLANG_ENABLE_OBJC_ARC = YES;
				CLANG_ENABLE_OBJC_WEAK = YES;
				CLANG_WARN_BLOCK_CAPTURE_AUTORELEASING = YES;
				CLANG_WARN_BOOL_CONVERSION = YES;
				CLANG_WARN_COMMA = YES;
				CLANG_WARN_CONSTANT_CONVERSION = YES;
				CLANG_WARN_DEPRECATED_OBJC_IMPLEMENTATIONS = YES;
				CLANG_WARN_DIRECT_OBJC_ISA_USAGE = YES_ERROR;
				CLANG_WARN_DOCUMENTATION_COMMENTS = YES;
				CLANG_WARN_EMPTY_BODY = YES;
				CLANG_WARN_ENUM_CONVERSION = YES;
				CLANG_WARN_INFINITE_RECURSION = YES;
				CLANG_WARN_INT_CONVERSION = YES;
				CLANG_WARN_NON_LITERAL_NULL_CONVERSION = YES;
				CLANG_WARN_OBJC_IMPLICIT_RETAIN_SELF = YES;
				CLANG_WARN_OBJC_LITERAL_CONVERSION = YES;
				CLANG_WARN_OBJC_ROOT_CLASS = YES_ERROR;
				CLANG_WARN_RANGE_LOOP_ANALYSIS = YES;
				CLANG_WARN_STRICT_PROTOTYPES = YES;
				CLANG_WARN_SUSPICIOUS_MOVE = YES;
				CLANG_WARN_UNGUARDED_AVAILABILITY = YES_AGGRESSIVE;
				CLANG_WARN_UNREACHABLE_CODE = YES;
				CLANG_WARN__DUPLICATE_METHOD_MATCH = YES;
				CODE_SIGN_IDENTITY = "iPhone Developer";
				COPY_PHASE_STRIP = NO;
				DEBUG_INFORMATION_FORMAT = dwarf;
				ENABLE_STRICT_OBJC_MSGSEND = YES;
				ENABLE_TESTABILITY = YES;
				GCC_C_LANGUAGE_STANDARD = gnu11;
				GCC_DYNAMIC_NO_PIC = NO;
				GCC_NO_COMMON_BLOCKS = YES;
				GCC_OPTIMIZATION_LEVEL = 0;
				GCC_PREPROCESSOR_DEFINITIONS = (
					"DEBUG=1",
					"$(inherited)",
				);
				GCC_WARN_64_TO_32_BIT_CONVERSION = YES;
				GCC_WARN_ABOUT_RETURN_TYPE = YES_ERROR;
				GCC_WARN_UNDECLARED_SELECTOR = YES;
				GCC_WARN_UNINITIALIZED_AUTOS = YES_AGGRESSIVE;
				GCC_WARN_UNUSED_FUNCTION = YES;
				GCC_WARN_UNUSED_VARIABLE = YES;
				IPHONEOS_DEPLOYMENT_TARGET = 12.1;
				MTL_ENABLE_DEBUG_INFO = INCLUDE_SOURCE;
				MTL_FAST_MATH = YES;
				ONLY_ACTIVE_ARCH = YES;
				SDKROOT = iphoneos;
				SWIFT_ACTIVE_COMPILATION_CONDITIONS = DEBUG;
				SWIFT_OPTIMIZATION_LEVEL = "-Onone";
			};
			name = Debug;
		};
		A4E22D3621FB732E00BA7874 /* Release */ = {
			isa = XCBuildConfiguration;
			buildSettings = {
				ALWAYS_SEARCH_USER_PATHS = NO;
				CLANG_ANALYZER_NONNULL = YES;
				CLANG_ANALYZER_NUMBER_OBJECT_CONVERSION = YES_AGGRESSIVE;
				CLANG_CXX_LANGUAGE_STANDARD = "gnu++14";
				CLANG_CXX_LIBRARY = "libc++";
				CLANG_ENABLE_MODULES = YES;
				CLANG_ENABLE_OBJC_ARC = YES;
				CLANG_ENABLE_OBJC_WEAK = YES;
				CLANG_WARN_BLOCK_CAPTURE_AUTORELEASING = YES;
				CLANG_WARN_BOOL_CONVERSION = YES;
				CLANG_WARN_COMMA = YES;
				CLANG_WARN_CONSTANT_CONVERSION = YES;
				CLANG_WARN_DEPRECATED_OBJC_IMPLEMENTATIONS = YES;
				CLANG_WARN_DIRECT_OBJC_ISA_USAGE = YES_ERROR;
				CLANG_WARN_DOCUMENTATION_COMMENTS = YES;
				CLANG_WARN_EMPTY_BODY = YES;
				CLANG_WARN_ENUM_CONVERSION = YES;
				CLANG_WARN_INFINITE_RECURSION = YES;
				CLANG_WARN_INT_CONVERSION = YES;
				CLANG_WARN_NON_LITERAL_NULL_CONVERSION = YES;
				CLANG_WARN_OBJC_IMPLICIT_RETAIN_SELF = YES;
				CLANG_WARN_OBJC_LITERAL_CONVERSION = YES;
				CLANG_WARN_OBJC_ROOT_CLASS = YES_ERROR;
				CLANG_WARN_RANGE_LOOP_ANALYSIS = YES;
				CLANG_WARN_STRICT_PROTOTYPES = YES;
				CLANG_WARN_SUSPICIOUS_MOVE = YES;
				CLANG_WARN_UNGUARDED_AVAILABILITY = YES_AGGRESSIVE;
				CLANG_WARN_UNREACHABLE_CODE = YES;
				CLANG_WARN__DUPLICATE_METHOD_MATCH = YES;
				CODE_SIGN_IDENTITY = "iPhone Developer";
				COPY_PHASE_STRIP = NO;
				DEBUG_INFORMATION_FORMAT = "dwarf-with-dsym";
				ENABLE_NS_ASSERTIONS = NO;
				ENABLE_STRICT_OBJC_MSGSEND = YES;
				GCC_C_LANGUAGE_STANDARD = gnu11;
				GCC_NO_COMMON_BLOCKS = YES;
				GCC_WARN_64_TO_32_BIT_CONVERSION = YES;
				GCC_WARN_ABOUT_RETURN_TYPE = YES_ERROR;
				GCC_WARN_UNDECLARED_SELECTOR = YES;
				GCC_WARN_UNINITIALIZED_AUTOS = YES_AGGRESSIVE;
				GCC_WARN_UNUSED_FUNCTION = YES;
				GCC_WARN_UNUSED_VARIABLE = YES;
				IPHONEOS_DEPLOYMENT_TARGET = 12.1;
				MTL_ENABLE_DEBUG_INFO = NO;
				MTL_FAST_MATH = YES;
				SDKROOT = iphoneos;
				SWIFT_COMPILATION_MODE = wholemodule;
				SWIFT_OPTIMIZATION_LEVEL = "-O";
				VALIDATE_PRODUCT = YES;
			};
			name = Release;
		};
		A4E22D3821FB732E00BA7874 /* Debug */ = {
			isa = XCBuildConfiguration;
			buildSettings = {
				ASSETCATALOG_COMPILER_APPICON_NAME = AppIcon;
				CODE_SIGN_STYLE = Automatic;
				DEVELOPMENT_TEAM = PP39RZJ7X4;
				INFOPLIST_FILE = hey/Info.plist;
				LD_RUNPATH_SEARCH_PATHS = (
					"$(inherited)",
					"@executable_path/Frameworks",
				);
				PRODUCT_BUNDLE_IDENTIFIER = com.example.hey;
				PRODUCT_NAME = "$(TARGET_NAME)";
				SWIFT_VERSION = 4.2;
				TARGETED_DEVICE_FAMILY = "1,2";
			};
			name = Debug;
		};
		A4E22D3921FB732E00BA7874 /* Release */ = {
			isa = XCBuildConfiguration;
			buildSettings = {
				ASSETCATALOG_COMPILER_APPICON_NAME = AppIcon;
				CODE_SIGN_STYLE = Automatic;
				DEVELOPMENT_TEAM = PP39RZJ7X4;
				INFOPLIST_FILE = hey/Info.plist;
				LD_RUNPATH_SEARCH_PATHS = (
					"$(inherited)",
					"@executable_path/Frameworks",
				);
				PRODUCT_BUNDLE_IDENTIFIER = com.example.hey;
				PRODUCT_NAME = "$(TARGET_NAME)";
				SWIFT_VERSION = 4.2;
				TARGETED_DEVICE_FAMILY = "1,2";
			};
			name = Release;
		};
		A4E22D3B21FB732E00BA7874 /* Debug */ = {
			isa = XCBuildConfiguration;
			buildSettings = {
				ALWAYS_EMBED_SWIFT_STANDARD_LIBRARIES = YES;
				BUNDLE_LOADER = "$(TEST_HOST)";
				CODE_SIGN_STYLE = Automatic;
				DEVELOPMENT_TEAM = PP39RZJ7X4;
				INFOPLIST_FILE = heyTests/Info.plist;
				LD_RUNPATH_SEARCH_PATHS = (
					"$(inherited)",
					"@executable_path/Frameworks",
					"@loader_path/Frameworks",
				);
				PRODUCT_BUNDLE_IDENTIFIER = com.example.heyTests;
				PRODUCT_NAME = "$(TARGET_NAME)";
				SWIFT_VERSION = 4.2;
				TARGETED_DEVICE_FAMILY = "1,2";
				TEST_HOST = "$(BUILT_PRODUCTS_DIR)/hey.app/hey";
			};
			name = Debug;
		};
		A4E22D3C21FB732E00BA7874 /* Release */ = {
			isa = XCBuildConfiguration;
			buildSettings = {
				ALWAYS_EMBED_SWIFT_STANDARD_LIBRARIES = YES;
				BUNDLE_LOADER = "$(TEST_HOST)";
				CODE_SIGN_STYLE = Automatic;
				DEVELOPMENT_TEAM = PP39RZJ7X4;
				INFOPLIST_FILE = heyTests/Info.plist;
				LD_RUNPATH_SEARCH_PATHS = (
					"$(inherited)",
					"@executable_path/Frameworks",
					"@loader_path/Frameworks",
				);
				PRODUCT_BUNDLE_IDENTIFIER = com.example.heyTests;
				PRODUCT_NAME = "$(TARGET_NAME)";
				SWIFT_VERSION = 4.2;
				TARGETED_DEVICE_FAMILY = "1,2";
				TEST_HOST = "$(BUILT_PRODUCTS_DIR)/hey.app/hey";
			};
			name = Release;
		};
/* End XCBuildConfiguration section */

/* Begin XCConfigurationList section */
		A4E22D1521FB732C00BA7874 /* Build configuration list for PBXProject "hey" */ = {
			isa = XCConfigurationList;
			buildConfigurations = (
				A4E22D3521FB732E00BA7874 /* Debug */,
				A4E22D3621FB732E00BA7874 /* Release */,
			);
			defaultConfigurationIsVisible = 0;
			defaultConfigurationName = Release;
		};
		A4E22D3721FB732E00BA7874 /* Build configuration list for PBXNativeTarget "hey" */ = {
			isa = XCConfigurationList;
			buildConfigurations = (
				A4E22D3821FB732E00BA7874 /* Debug */,
				A4E22D3921FB732E00BA7874 /* Release */,
			);
			defaultConfigurationIsVisible = 0;
			defaultConfigurationName = Release;
		};
		A4E22D3A21FB732E00BA7874 /* Build configuration list for PBXNativeTarget "heyTests" */ = {
			isa = XCConfigurationList;
			buildConfigurations = (
				A4E22D3B21FB732E00BA7874 /* Debug */,
				A4E22D3C21FB732E00BA7874 /* Release */,
			);
			defaultConfigurationIsVisible = 0;
			defaultConfigurationName = Release;
		};
/* End XCConfigurationList section */
	};
	rootObject = A4E22D1221FB732C00BA7874 /* Project object */;
}
